
Microsoft Visual Studio Solution File, Format Version 12.00
# Visual Studio Version 16
VisualStudioVersion = 25.0.1700.0
MinimumVisualStudioVersion = 10.0.40219.1
Project("{FAE04EC0-301F-11D3-BF4B-00C04F79EFBC}") = "m70Solution", "m70Solution.csproj", "{01BB9C3D-FAD7-4514-8928-67064A2A92C6}"
EndProject
Global
	GlobalSection(SolutionConfigurationPlatforms) = preSolution
		Debug|Any CPU = Debug|Any CPU
		Release|Any CPU = Release|Any CPU
	EndGlobalSection
	GlobalSection(ProjectConfigurationPlatforms) = postSolution
		{01BB9C3D-FAD7-4514-8928-67064A2A92C6}.Debug|Any CPU.ActiveCfg = Debug|Any CPU
		{01BB9C3D-FAD7-4514-8928-67064A2A92C6}.Debug|Any CPU.Build.0 = Debug|Any CPU
		{01BB9C3D-FAD7-4514-8928-67064A2A92C6}.Release|Any CPU.ActiveCfg = Release|Any CPU
		{01BB9C3D-FAD7-4514-8928-67064A2A92C6}.Release|Any CPU.Build.0 = Release|Any CPU
	EndGlobalSection
	GlobalSection(SolutionProperties) = preSolution
		HideSolutionNode = FALSE
	EndGlobalSection
	GlobalSection(ExtensibilityGlobals) = postSolution
		SolutionGuid = {63D74E4D-3383-4A08-8541-5263002BD1C7}
	EndGlobalSection
EndGlobal
